// !$*UTF8*$!
{
	archiveVersion = 1;
	classes = {
	};
	objectVersion = 46;
	objects = {

/* Begin PBXBuildFile section */
		2E1497A71FC7004E00C635D1 /* AppMode.swift in Sources */ = {isa = PBXBuildFile; fileRef = 2E1497A41FC7003800C635D1 /* AppMode.swift */; };
		2E1497A81FC7004E00C635D1 /* Logger.swift in Sources */ = {isa = PBXBuildFile; fileRef = 2E1497A51FC7003800C635D1 /* Logger.swift */; };
		2E1497A91FC7004E00C635D1 /* Severity.swift in Sources */ = {isa = PBXBuildFile; fileRef = 2E1497A61FC7003900C635D1 /* Severity.swift */; };
		2E1497B11FC708CB00C635D1 /* Configurable.swift in Sources */ = {isa = PBXBuildFile; fileRef = 2E1497B01FC708CB00C635D1 /* Configurable.swift */; };
		2E35A6CD213D7F4800AE24B8 /* Identifiable.swift in Sources */ = {isa = PBXBuildFile; fileRef = 2E35A6CC213D7F4800AE24B8 /* Identifiable.swift */; };
		2E3ADFB121A412EF00B3DA57 /* LoadResourcesViewController.swift in Sources */ = {isa = PBXBuildFile; fileRef = 2E3ADFB021A412EF00B3DA57 /* LoadResourcesViewController.swift */; };
		2E487CE42133FBC600B676CB /* UIImage+Resize.swift in Sources */ = {isa = PBXBuildFile; fileRef = 2E487CE32133FBC600B676CB /* UIImage+Resize.swift */; };
		2E6910DE207362CA00EDDB78 /* Dictionary.swift in Sources */ = {isa = PBXBuildFile; fileRef = 2E6910DD207362CA00EDDB78 /* Dictionary.swift */; };
		2E6910EB2073658D00EDDB78 /* ATLibrary.framework in Frameworks */ = {isa = PBXBuildFile; fileRef = EA823B761DC798A80011F74D /* ATLibrary.framework */; };
		2E6910F12073667400EDDB78 /* DictionaryTests.swift in Sources */ = {isa = PBXBuildFile; fileRef = 2E6910E02073646C00EDDB78 /* DictionaryTests.swift */; };
		2E6910F32073667A00EDDB78 /* InstantiableTests.swift in Sources */ = {isa = PBXBuildFile; fileRef = 2EB4BE392060FAA100516A12 /* InstantiableTests.swift */; };
		2E6910F42073668000EDDB78 /* SelectableListTests.swift in Sources */ = {isa = PBXBuildFile; fileRef = EAC22C961DC9EF66003083BA /* SelectableListTests.swift */; };
		2E8A918D21466F6A005B7916 /* AsyncImageFetcher.swift in Sources */ = {isa = PBXBuildFile; fileRef = 2E8A918B21466F6A005B7916 /* AsyncImageFetcher.swift */; };
		2E9085681F6278F70051BEA3 /* Dispatch.swift in Sources */ = {isa = PBXBuildFile; fileRef = 2E9085671F6278F70051BEA3 /* Dispatch.swift */; };
		2E9981D21EC4A45E00DBCBE4 /* ExpandAnimationManager.swift in Sources */ = {isa = PBXBuildFile; fileRef = 2E9981D11EC4A45E00DBCBE4 /* ExpandAnimationManager.swift */; };
		2EA8249A216DF0120020DAC2 /* OSLog+ATLibrary.swift in Sources */ = {isa = PBXBuildFile; fileRef = 2EA82499216DF0120020DAC2 /* OSLog+ATLibrary.swift */; };
		2EB4BE362060F5EB00516A12 /* Instantiable.swift in Sources */ = {isa = PBXBuildFile; fileRef = 2EB4BE352060F5EB00516A12 /* Instantiable.swift */; };
		2EB67BCA206018A900A278D4 /* ShadowRoundedImageView.swift in Sources */ = {isa = PBXBuildFile; fileRef = 2EB67BC7206018A800A278D4 /* ShadowRoundedImageView.swift */; };
		2EB67BCB206018A900A278D4 /* ShadowRoundedView.swift in Sources */ = {isa = PBXBuildFile; fileRef = 2EB67BC8206018A800A278D4 /* ShadowRoundedView.swift */; };
		2EB67BCC206018A900A278D4 /* DesignableView.swift in Sources */ = {isa = PBXBuildFile; fileRef = 2EB67BC9206018A800A278D4 /* DesignableView.swift */; };
		2EB9D84F212EA71C00222BE2 /* ActivityIndicator+Loading.swift in Sources */ = {isa = PBXBuildFile; fileRef = 2EB9D84E212EA71C00222BE2 /* ActivityIndicator+Loading.swift */; };
		2EBB78CF1EF3ABC900E65F78 /* GenericTableViewController.swift in Sources */ = {isa = PBXBuildFile; fileRef = 2ECC2F911EEFFEE100658D87 /* GenericTableViewController.swift */; };
		2EBB78D01EF3ABC900E65F78 /* GenericTableViewController.xib in Sources */ = {isa = PBXBuildFile; fileRef = 2ECC2F921EEFFEE100658D87 /* GenericTableViewController.xib */; };
		2ED3CDF7209303CF00E0CE87 /* CALayer+Shadow.swift in Sources */ = {isa = PBXBuildFile; fileRef = 2ED3CDF6209303CF00E0CE87 /* CALayer+Shadow.swift */; };
		2ED3CDFA209308D200E0CE87 /* CALayer+ShadowTests.swift in Sources */ = {isa = PBXBuildFile; fileRef = 2ED3CDF9209308D200E0CE87 /* CALayer+ShadowTests.swift */; };
		2ED835D62090DBFE004C9F21 /* GradientShadowRoundedView.swift in Sources */ = {isa = PBXBuildFile; fileRef = 2ED835D52090DBFE004C9F21 /* GradientShadowRoundedView.swift */; };
		2EF93A202085E28700225844 /* AsyncOperation.swift in Sources */ = {isa = PBXBuildFile; fileRef = 2EF93A1F2085E28000225844 /* AsyncOperation.swift */; };
		2EF93A232085E96C00225844 /* FileDownloadManager.swift in Sources */ = {isa = PBXBuildFile; fileRef = 2EF93A222085E96500225844 /* FileDownloadManager.swift */; };
		2EF93A262085F93200225844 /* DelegatedCall.swift in Sources */ = {isa = PBXBuildFile; fileRef = 2EF93A252085F93200225844 /* DelegatedCall.swift */; };
		2EF93A292086080A00225844 /* DelegatedCallTests.swift in Sources */ = {isa = PBXBuildFile; fileRef = 2EF93A282086080A00225844 /* DelegatedCallTests.swift */; };
		2EF93A2C208608F900225844 /* Result.swift in Sources */ = {isa = PBXBuildFile; fileRef = 2EF93A2B208608F900225844 /* Result.swift */; };
		2EF93A2F20861AF700225844 /* ResultTests.swift in Sources */ = {isa = PBXBuildFile; fileRef = 2EF93A2E20861AF700225844 /* ResultTests.swift */; };
		2EF93A31208620D700225844 /* Instantiable.storyboard in Resources */ = {isa = PBXBuildFile; fileRef = 2EB4BE3C2060FBA300516A12 /* Instantiable.storyboard */; };
		2EF93A352086241800225844 /* README.md in Resources */ = {isa = PBXBuildFile; fileRef = 2EF93A342086241800225844 /* README.md */; };
		EA219E781E3210D1005DCB48 /* UITextView.swift in Sources */ = {isa = PBXBuildFile; fileRef = EA219E771E3210D1005DCB48 /* UITextView.swift */; };
		EA3684871E5D7BA1003CEFC5 /* StyleableTextField.swift in Sources */ = {isa = PBXBuildFile; fileRef = EA3684861E5D7BA1003CEFC5 /* StyleableTextField.swift */; };
		EA5766B71E390AF000CE6CC4 /* FillableView.swift in Sources */ = {isa = PBXBuildFile; fileRef = EA5766B61E390AF000CE6CC4 /* FillableView.swift */; };
		EA5E8BE31E55B1F50083341A /* AppDelegate.swift in Sources */ = {isa = PBXBuildFile; fileRef = EA5E8BE21E55B1F50083341A /* AppDelegate.swift */; };
		EA5E8BE51E55B1F50083341A /* ViewController.swift in Sources */ = {isa = PBXBuildFile; fileRef = EA5E8BE41E55B1F50083341A /* ViewController.swift */; };
		EA5E8BE81E55B1F60083341A /* Main.storyboard in Resources */ = {isa = PBXBuildFile; fileRef = EA5E8BE61E55B1F60083341A /* Main.storyboard */; };
		EA5E8BEA1E55B1F60083341A /* Assets.xcassets in Resources */ = {isa = PBXBuildFile; fileRef = EA5E8BE91E55B1F60083341A /* Assets.xcassets */; };
		EA5E8BED1E55B1F60083341A /* LaunchScreen.storyboard in Resources */ = {isa = PBXBuildFile; fileRef = EA5E8BEB1E55B1F60083341A /* LaunchScreen.storyboard */; };
		EA5E8C001E55B5390083341A /* ATLibrary.framework in Frameworks */ = {isa = PBXBuildFile; fileRef = EA823B761DC798A80011F74D /* ATLibrary.framework */; };
		EA5E8C011E55B5390083341A /* ATLibrary.framework in Embed Frameworks */ = {isa = PBXBuildFile; fileRef = EA823B761DC798A80011F74D /* ATLibrary.framework */; settings = {ATTRIBUTES = (CodeSignOnCopy, RemoveHeadersOnCopy, ); }; };
		EA63D1EF1DCCADDC000394E2 /* RoundedImageView.swift in Sources */ = {isa = PBXBuildFile; fileRef = EA63D1EE1DCCADDC000394E2 /* RoundedImageView.swift */; };
		EA7950FA1E5C6A90000C1F38 /* StyleApplicable.swift in Sources */ = {isa = PBXBuildFile; fileRef = EA7950F91E5C6A90000C1F38 /* StyleApplicable.swift */; };
		EA7950FD1E5C760E000C1F38 /* ButtonStyle.swift in Sources */ = {isa = PBXBuildFile; fileRef = EA7950FC1E5C760E000C1F38 /* ButtonStyle.swift */; };
		EA7951011E5C76A1000C1F38 /* TextFieldStyle.swift in Sources */ = {isa = PBXBuildFile; fileRef = EA7951001E5C76A1000C1F38 /* TextFieldStyle.swift */; };
		EA823B871DC798A90011F74D /* ATLibrary.h in Headers */ = {isa = PBXBuildFile; fileRef = EA823B791DC798A80011F74D /* ATLibrary.h */; settings = {ATTRIBUTES = (Public, ); }; };
		EA823B921DC799B50011F74D /* UIViewController.swift in Sources */ = {isa = PBXBuildFile; fileRef = EA823B911DC799B50011F74D /* UIViewController.swift */; };
		EA823B951DC79A220011F74D /* SegueHandlerType.swift in Sources */ = {isa = PBXBuildFile; fileRef = EA823B941DC79A220011F74D /* SegueHandlerType.swift */; };
		EA823B971DC79A4C0011F74D /* Notificable.swift in Sources */ = {isa = PBXBuildFile; fileRef = EA823B961DC79A4C0011F74D /* Notificable.swift */; };
		EA823B991DC79A880011F74D /* UINavigationController.swift in Sources */ = {isa = PBXBuildFile; fileRef = EA823B981DC79A880011F74D /* UINavigationController.swift */; };
		EA823B9C1DC79AD80011F74D /* ImageAssets.swift in Sources */ = {isa = PBXBuildFile; fileRef = EA823B9B1DC79AD80011F74D /* ImageAssets.swift */; };
		EA823BA01DC79B750011F74D /* Color.swift in Sources */ = {isa = PBXBuildFile; fileRef = EA823B9F1DC79B750011F74D /* Color.swift */; };
		EA823BA21DC79BDD0011F74D /* UITableViewCell.swift in Sources */ = {isa = PBXBuildFile; fileRef = EA823BA11DC79BDD0011F74D /* UITableViewCell.swift */; };
		EA823BA41DC79BF40011F74D /* ReusableView.swift in Sources */ = {isa = PBXBuildFile; fileRef = EA823BA31DC79BF40011F74D /* ReusableView.swift */; };
		EA823BA61DC79C0B0011F74D /* NibLoadableView.swift in Sources */ = {isa = PBXBuildFile; fileRef = EA823BA51DC79C0B0011F74D /* NibLoadableView.swift */; };
		EA823BA81DC79C480011F74D /* UICollectionReusableView.swift in Sources */ = {isa = PBXBuildFile; fileRef = EA823BA71DC79C480011F74D /* UICollectionReusableView.swift */; };
		EA823BAA1DC79C690011F74D /* UITableView.swift in Sources */ = {isa = PBXBuildFile; fileRef = EA823BA91DC79C690011F74D /* UITableView.swift */; };
		EA823BAC1DC79C8A0011F74D /* UICollectionView.swift in Sources */ = {isa = PBXBuildFile; fileRef = EA823BAB1DC79C8A0011F74D /* UICollectionView.swift */; };
		EA823BAE1DC79CB00011F74D /* SelectableList.swift in Sources */ = {isa = PBXBuildFile; fileRef = EA823BAD1DC79CB00011F74D /* SelectableList.swift */; };
		EA823BB01DC79D1C0011F74D /* Style.swift in Sources */ = {isa = PBXBuildFile; fileRef = EA823BAF1DC79D1C0011F74D /* Style.swift */; };
		EA823BB21DC79E6E0011F74D /* Sandbox.swift in Sources */ = {isa = PBXBuildFile; fileRef = EA823BB11DC79E6E0011F74D /* Sandbox.swift */; };
		EAB642AF1E51CF070065AE06 /* SliderViewController.swift in Sources */ = {isa = PBXBuildFile; fileRef = EAB642AD1E51CF070065AE06 /* SliderViewController.swift */; };
		EAB642B01E51CF070065AE06 /* SliderViewController.xib in Resources */ = {isa = PBXBuildFile; fileRef = EAB642AE1E51CF070065AE06 /* SliderViewController.xib */; };
		EACE4E021E5D78AB00DD5D62 /* StyleableButton.swift in Sources */ = {isa = PBXBuildFile; fileRef = EACE4E011E5D78AB00DD5D62 /* StyleableButton.swift */; };
		EAD94B261E4DD3F700A2B90D /* SlideAnimationManager.swift in Sources */ = {isa = PBXBuildFile; fileRef = EAD94B251E4DD3F700A2B90D /* SlideAnimationManager.swift */; };
		EAF958D21E37761B00EC2FCB /* UIColor.swift in Sources */ = {isa = PBXBuildFile; fileRef = EAF958D11E37761B00EC2FCB /* UIColor.swift */; };
/* End PBXBuildFile section */

/* Begin PBXContainerItemProxy section */
		2E6910EC2073658D00EDDB78 /* PBXContainerItemProxy */ = {
			isa = PBXContainerItemProxy;
			containerPortal = EA823B6D1DC798A80011F74D /* Project object */;
			proxyType = 1;
			remoteGlobalIDString = EA823B751DC798A80011F74D;
			remoteInfo = Utils;
		};
		EA5E8C021E55B5390083341A /* PBXContainerItemProxy */ = {
			isa = PBXContainerItemProxy;
			containerPortal = EA823B6D1DC798A80011F74D /* Project object */;
			proxyType = 1;
			remoteGlobalIDString = EA823B751DC798A80011F74D;
			remoteInfo = Utils;
		};
/* End PBXContainerItemProxy section */

/* Begin PBXCopyFilesBuildPhase section */
		EA5E8C041E55B53A0083341A /* Embed Frameworks */ = {
			isa = PBXCopyFilesBuildPhase;
			buildActionMask = 2147483647;
			dstPath = "";
			dstSubfolderSpec = 10;
			files = (
				EA5E8C011E55B5390083341A /* ATLibrary.framework in Embed Frameworks */,
			);
			name = "Embed Frameworks";
			runOnlyForDeploymentPostprocessing = 0;
		};
/* End PBXCopyFilesBuildPhase section */

/* Begin PBXFileReference section */
		2E1497A41FC7003800C635D1 /* AppMode.swift */ = {isa = PBXFileReference; lastKnownFileType = sourcecode.swift; path = AppMode.swift; sourceTree = "<group>"; };
		2E1497A51FC7003800C635D1 /* Logger.swift */ = {isa = PBXFileReference; lastKnownFileType = sourcecode.swift; path = Logger.swift; sourceTree = "<group>"; };
		2E1497A61FC7003900C635D1 /* Severity.swift */ = {isa = PBXFileReference; lastKnownFileType = sourcecode.swift; path = Severity.swift; sourceTree = "<group>"; };
		2E1497B01FC708CB00C635D1 /* Configurable.swift */ = {isa = PBXFileReference; lastKnownFileType = sourcecode.swift; path = Configurable.swift; sourceTree = "<group>"; };
		2E35A6CC213D7F4800AE24B8 /* Identifiable.swift */ = {isa = PBXFileReference; lastKnownFileType = sourcecode.swift; path = Identifiable.swift; sourceTree = "<group>"; };
		2E3ADFB021A412EF00B3DA57 /* LoadResourcesViewController.swift */ = {isa = PBXFileReference; lastKnownFileType = sourcecode.swift; path = LoadResourcesViewController.swift; sourceTree = "<group>"; };
		2E487CE32133FBC600B676CB /* UIImage+Resize.swift */ = {isa = PBXFileReference; lastKnownFileType = sourcecode.swift; path = "UIImage+Resize.swift"; sourceTree = "<group>"; };
		2E6910DD207362CA00EDDB78 /* Dictionary.swift */ = {isa = PBXFileReference; lastKnownFileType = sourcecode.swift; path = Dictionary.swift; sourceTree = "<group>"; };
		2E6910E02073646C00EDDB78 /* DictionaryTests.swift */ = {isa = PBXFileReference; lastKnownFileType = sourcecode.swift; path = DictionaryTests.swift; sourceTree = "<group>"; };
		2E6910E62073658D00EDDB78 /* ATLibraryTests.xctest */ = {isa = PBXFileReference; explicitFileType = wrapper.cfbundle; includeInIndex = 0; path = ATLibraryTests.xctest; sourceTree = BUILT_PRODUCTS_DIR; };
		2E8A918B21466F6A005B7916 /* AsyncImageFetcher.swift */ = {isa = PBXFileReference; fileEncoding = 4; lastKnownFileType = sourcecode.swift; path = AsyncImageFetcher.swift; sourceTree = "<group>"; };
		2E9085671F6278F70051BEA3 /* Dispatch.swift */ = {isa = PBXFileReference; lastKnownFileType = sourcecode.swift; path = Dispatch.swift; sourceTree = "<group>"; };
		2E9981D11EC4A45E00DBCBE4 /* ExpandAnimationManager.swift */ = {isa = PBXFileReference; fileEncoding = 4; lastKnownFileType = sourcecode.swift; path = ExpandAnimationManager.swift; sourceTree = "<group>"; };
		2EA82499216DF0120020DAC2 /* OSLog+ATLibrary.swift */ = {isa = PBXFileReference; lastKnownFileType = sourcecode.swift; path = "OSLog+ATLibrary.swift"; sourceTree = "<group>"; };
		2EB4BE352060F5EB00516A12 /* Instantiable.swift */ = {isa = PBXFileReference; lastKnownFileType = sourcecode.swift; path = Instantiable.swift; sourceTree = "<group>"; };
		2EB4BE392060FAA100516A12 /* InstantiableTests.swift */ = {isa = PBXFileReference; lastKnownFileType = sourcecode.swift; path = InstantiableTests.swift; sourceTree = "<group>"; };
		2EB4BE3C2060FBA300516A12 /* Instantiable.storyboard */ = {isa = PBXFileReference; lastKnownFileType = file.storyboard; path = Instantiable.storyboard; sourceTree = "<group>"; };
		2EB67BC7206018A800A278D4 /* ShadowRoundedImageView.swift */ = {isa = PBXFileReference; fileEncoding = 4; lastKnownFileType = sourcecode.swift; path = ShadowRoundedImageView.swift; sourceTree = "<group>"; };
		2EB67BC8206018A800A278D4 /* ShadowRoundedView.swift */ = {isa = PBXFileReference; fileEncoding = 4; lastKnownFileType = sourcecode.swift; path = ShadowRoundedView.swift; sourceTree = "<group>"; };
		2EB67BC9206018A800A278D4 /* DesignableView.swift */ = {isa = PBXFileReference; fileEncoding = 4; lastKnownFileType = sourcecode.swift; path = DesignableView.swift; sourceTree = "<group>"; };
		2EB9D84E212EA71C00222BE2 /* ActivityIndicator+Loading.swift */ = {isa = PBXFileReference; lastKnownFileType = sourcecode.swift; path = "ActivityIndicator+Loading.swift"; sourceTree = "<group>"; };
		2ECC2F911EEFFEE100658D87 /* GenericTableViewController.swift */ = {isa = PBXFileReference; lastKnownFileType = sourcecode.swift; path = GenericTableViewController.swift; sourceTree = "<group>"; };
		2ECC2F921EEFFEE100658D87 /* GenericTableViewController.xib */ = {isa = PBXFileReference; lastKnownFileType = file.xib; path = GenericTableViewController.xib; sourceTree = "<group>"; };
		2ED3CDF6209303CF00E0CE87 /* CALayer+Shadow.swift */ = {isa = PBXFileReference; lastKnownFileType = sourcecode.swift; path = "CALayer+Shadow.swift"; sourceTree = "<group>"; };
		2ED3CDF9209308D200E0CE87 /* CALayer+ShadowTests.swift */ = {isa = PBXFileReference; lastKnownFileType = sourcecode.swift; path = "CALayer+ShadowTests.swift"; sourceTree = "<group>"; };
		2ED835D52090DBFE004C9F21 /* GradientShadowRoundedView.swift */ = {isa = PBXFileReference; lastKnownFileType = sourcecode.swift; path = GradientShadowRoundedView.swift; sourceTree = "<group>"; };
		2EF93A1F2085E28000225844 /* AsyncOperation.swift */ = {isa = PBXFileReference; lastKnownFileType = sourcecode.swift; path = AsyncOperation.swift; sourceTree = "<group>"; };
		2EF93A222085E96500225844 /* FileDownloadManager.swift */ = {isa = PBXFileReference; lastKnownFileType = sourcecode.swift; path = FileDownloadManager.swift; sourceTree = "<group>"; };
		2EF93A252085F93200225844 /* DelegatedCall.swift */ = {isa = PBXFileReference; lastKnownFileType = sourcecode.swift; path = DelegatedCall.swift; sourceTree = "<group>"; };
		2EF93A282086080A00225844 /* DelegatedCallTests.swift */ = {isa = PBXFileReference; lastKnownFileType = sourcecode.swift; path = DelegatedCallTests.swift; sourceTree = "<group>"; };
		2EF93A2B208608F900225844 /* Result.swift */ = {isa = PBXFileReference; lastKnownFileType = sourcecode.swift; path = Result.swift; sourceTree = "<group>"; };
		2EF93A2E20861AF700225844 /* ResultTests.swift */ = {isa = PBXFileReference; lastKnownFileType = sourcecode.swift; path = ResultTests.swift; sourceTree = "<group>"; };
		2EF93A342086241800225844 /* README.md */ = {isa = PBXFileReference; fileEncoding = 4; lastKnownFileType = net.daringfireball.markdown; path = README.md; sourceTree = SOURCE_ROOT; };
		EA219E771E3210D1005DCB48 /* UITextView.swift */ = {isa = PBXFileReference; fileEncoding = 4; lastKnownFileType = sourcecode.swift; path = UITextView.swift; sourceTree = "<group>"; };
		EA3684861E5D7BA1003CEFC5 /* StyleableTextField.swift */ = {isa = PBXFileReference; fileEncoding = 4; lastKnownFileType = sourcecode.swift; path = StyleableTextField.swift; sourceTree = "<group>"; };
		EA5766B61E390AF000CE6CC4 /* FillableView.swift */ = {isa = PBXFileReference; fileEncoding = 4; lastKnownFileType = sourcecode.swift; path = FillableView.swift; sourceTree = "<group>"; };
		EA5E8BE01E55B1F50083341A /* TestApp.app */ = {isa = PBXFileReference; explicitFileType = wrapper.application; includeInIndex = 0; path = TestApp.app; sourceTree = BUILT_PRODUCTS_DIR; };
		EA5E8BE21E55B1F50083341A /* AppDelegate.swift */ = {isa = PBXFileReference; lastKnownFileType = sourcecode.swift; path = AppDelegate.swift; sourceTree = "<group>"; };
		EA5E8BE41E55B1F50083341A /* ViewController.swift */ = {isa = PBXFileReference; lastKnownFileType = sourcecode.swift; path = ViewController.swift; sourceTree = "<group>"; };
		EA5E8BE71E55B1F60083341A /* Base */ = {isa = PBXFileReference; lastKnownFileType = file.storyboard; name = Base; path = Base.lproj/Main.storyboard; sourceTree = "<group>"; };
		EA5E8BE91E55B1F60083341A /* Assets.xcassets */ = {isa = PBXFileReference; lastKnownFileType = folder.assetcatalog; path = Assets.xcassets; sourceTree = "<group>"; };
		EA5E8BEC1E55B1F60083341A /* Base */ = {isa = PBXFileReference; lastKnownFileType = file.storyboard; name = Base; path = Base.lproj/LaunchScreen.storyboard; sourceTree = "<group>"; };
		EA5E8BEE1E55B1F60083341A /* Info.plist */ = {isa = PBXFileReference; lastKnownFileType = text.plist.xml; path = Info.plist; sourceTree = "<group>"; };
		EA63D1EE1DCCADDC000394E2 /* RoundedImageView.swift */ = {isa = PBXFileReference; fileEncoding = 4; lastKnownFileType = sourcecode.swift; path = RoundedImageView.swift; sourceTree = "<group>"; };
		EA7950F91E5C6A90000C1F38 /* StyleApplicable.swift */ = {isa = PBXFileReference; fileEncoding = 4; lastKnownFileType = sourcecode.swift; path = StyleApplicable.swift; sourceTree = "<group>"; };
		EA7950FC1E5C760E000C1F38 /* ButtonStyle.swift */ = {isa = PBXFileReference; fileEncoding = 4; lastKnownFileType = sourcecode.swift; path = ButtonStyle.swift; sourceTree = "<group>"; };
		EA7951001E5C76A1000C1F38 /* TextFieldStyle.swift */ = {isa = PBXFileReference; fileEncoding = 4; lastKnownFileType = sourcecode.swift; path = TextFieldStyle.swift; sourceTree = "<group>"; };
		EA823B761DC798A80011F74D /* ATLibrary.framework */ = {isa = PBXFileReference; explicitFileType = wrapper.framework; includeInIndex = 0; path = ATLibrary.framework; sourceTree = BUILT_PRODUCTS_DIR; };
		EA823B791DC798A80011F74D /* ATLibrary.h */ = {isa = PBXFileReference; lastKnownFileType = sourcecode.c.h; path = ATLibrary.h; sourceTree = "<group>"; };
		EA823B7A1DC798A80011F74D /* Info.plist */ = {isa = PBXFileReference; lastKnownFileType = text.plist.xml; path = Info.plist; sourceTree = "<group>"; };
		EA823B841DC798A90011F74D /* UtilsTests.swift */ = {isa = PBXFileReference; lastKnownFileType = sourcecode.swift; path = UtilsTests.swift; sourceTree = "<group>"; };
		EA823B861DC798A90011F74D /* Info.plist */ = {isa = PBXFileReference; lastKnownFileType = text.plist.xml; path = Info.plist; sourceTree = "<group>"; };
		EA823B911DC799B50011F74D /* UIViewController.swift */ = {isa = PBXFileReference; fileEncoding = 4; lastKnownFileType = sourcecode.swift; path = UIViewController.swift; sourceTree = "<group>"; };
		EA823B941DC79A220011F74D /* SegueHandlerType.swift */ = {isa = PBXFileReference; fileEncoding = 4; lastKnownFileType = sourcecode.swift; path = SegueHandlerType.swift; sourceTree = "<group>"; };
		EA823B961DC79A4C0011F74D /* Notificable.swift */ = {isa = PBXFileReference; fileEncoding = 4; lastKnownFileType = sourcecode.swift; path = Notificable.swift; sourceTree = "<group>"; };
		EA823B981DC79A880011F74D /* UINavigationController.swift */ = {isa = PBXFileReference; fileEncoding = 4; lastKnownFileType = sourcecode.swift; path = UINavigationController.swift; sourceTree = "<group>"; };
		EA823B9B1DC79AD80011F74D /* ImageAssets.swift */ = {isa = PBXFileReference; fileEncoding = 4; lastKnownFileType = sourcecode.swift; path = ImageAssets.swift; sourceTree = "<group>"; };
		EA823B9F1DC79B750011F74D /* Color.swift */ = {isa = PBXFileReference; fileEncoding = 4; lastKnownFileType = sourcecode.swift; path = Color.swift; sourceTree = "<group>"; };
		EA823BA11DC79BDD0011F74D /* UITableViewCell.swift */ = {isa = PBXFileReference; fileEncoding = 4; lastKnownFileType = sourcecode.swift; path = UITableViewCell.swift; sourceTree = "<group>"; };
		EA823BA31DC79BF40011F74D /* ReusableView.swift */ = {isa = PBXFileReference; fileEncoding = 4; lastKnownFileType = sourcecode.swift; path = ReusableView.swift; sourceTree = "<group>"; };
		EA823BA51DC79C0B0011F74D /* NibLoadableView.swift */ = {isa = PBXFileReference; fileEncoding = 4; lastKnownFileType = sourcecode.swift; path = NibLoadableView.swift; sourceTree = "<group>"; };
		EA823BA71DC79C480011F74D /* UICollectionReusableView.swift */ = {isa = PBXFileReference; fileEncoding = 4; lastKnownFileType = sourcecode.swift; path = UICollectionReusableView.swift; sourceTree = "<group>"; };
		EA823BA91DC79C690011F74D /* UITableView.swift */ = {isa = PBXFileReference; fileEncoding = 4; lastKnownFileType = sourcecode.swift; path = UITableView.swift; sourceTree = "<group>"; };
		EA823BAB1DC79C8A0011F74D /* UICollectionView.swift */ = {isa = PBXFileReference; fileEncoding = 4; lastKnownFileType = sourcecode.swift; path = UICollectionView.swift; sourceTree = "<group>"; };
		EA823BAD1DC79CB00011F74D /* SelectableList.swift */ = {isa = PBXFileReference; fileEncoding = 4; lastKnownFileType = sourcecode.swift; path = SelectableList.swift; sourceTree = "<group>"; };
		EA823BAF1DC79D1C0011F74D /* Style.swift */ = {isa = PBXFileReference; fileEncoding = 4; lastKnownFileType = sourcecode.swift; path = Style.swift; sourceTree = "<group>"; };
		EA823BB11DC79E6E0011F74D /* Sandbox.swift */ = {isa = PBXFileReference; fileEncoding = 4; lastKnownFileType = sourcecode.swift; path = Sandbox.swift; sourceTree = "<group>"; };
		EAB642AD1E51CF070065AE06 /* SliderViewController.swift */ = {isa = PBXFileReference; fileEncoding = 4; lastKnownFileType = sourcecode.swift; path = SliderViewController.swift; sourceTree = "<group>"; };
		EAB642AE1E51CF070065AE06 /* SliderViewController.xib */ = {isa = PBXFileReference; fileEncoding = 4; lastKnownFileType = file.xib; path = SliderViewController.xib; sourceTree = "<group>"; };
		EAC22C961DC9EF66003083BA /* SelectableListTests.swift */ = {isa = PBXFileReference; fileEncoding = 4; lastKnownFileType = sourcecode.swift; path = SelectableListTests.swift; sourceTree = "<group>"; };
		EACE4E011E5D78AB00DD5D62 /* StyleableButton.swift */ = {isa = PBXFileReference; fileEncoding = 4; lastKnownFileType = sourcecode.swift; path = StyleableButton.swift; sourceTree = "<group>"; };
		EAD94B251E4DD3F700A2B90D /* SlideAnimationManager.swift */ = {isa = PBXFileReference; fileEncoding = 4; lastKnownFileType = sourcecode.swift; path = SlideAnimationManager.swift; sourceTree = "<group>"; };
		EAF958D11E37761B00EC2FCB /* UIColor.swift */ = {isa = PBXFileReference; fileEncoding = 4; lastKnownFileType = sourcecode.swift; path = UIColor.swift; sourceTree = "<group>"; };
/* End PBXFileReference section */

/* Begin PBXFrameworksBuildPhase section */
		2E6910E32073658D00EDDB78 /* Frameworks */ = {
			isa = PBXFrameworksBuildPhase;
			buildActionMask = 2147483647;
			files = (
				2E6910EB2073658D00EDDB78 /* ATLibrary.framework in Frameworks */,
			);
			runOnlyForDeploymentPostprocessing = 0;
		};
		EA5E8BDD1E55B1F50083341A /* Frameworks */ = {
			isa = PBXFrameworksBuildPhase;
			buildActionMask = 2147483647;
			files = (
				EA5E8C001E55B5390083341A /* ATLibrary.framework in Frameworks */,
			);
			runOnlyForDeploymentPostprocessing = 0;
		};
		EA823B721DC798A80011F74D /* Frameworks */ = {
			isa = PBXFrameworksBuildPhase;
			buildActionMask = 2147483647;
			files = (
			);
			runOnlyForDeploymentPostprocessing = 0;
		};
/* End PBXFrameworksBuildPhase section */

/* Begin PBXGroup section */
		2E1497A31FC7000100C635D1 /* Logger */ = {
			isa = PBXGroup;
			children = (
				2E1497A41FC7003800C635D1 /* AppMode.swift */,
				2E1497A51FC7003800C635D1 /* Logger.swift */,
				2E1497A61FC7003900C635D1 /* Severity.swift */,
				2EA82499216DF0120020DAC2 /* OSLog+ATLibrary.swift */,
			);
			path = Logger;
			sourceTree = "<group>";
		};
		2E1497AA1FC706FD00C635D1 /* Styles */ = {
			isa = PBXGroup;
			children = (
				EA823BAF1DC79D1C0011F74D /* Style.swift */,
				EA7950F91E5C6A90000C1F38 /* StyleApplicable.swift */,
				EA7950FC1E5C760E000C1F38 /* ButtonStyle.swift */,
				EACE4E011E5D78AB00DD5D62 /* StyleableButton.swift */,
				EA7951001E5C76A1000C1F38 /* TextFieldStyle.swift */,
				EA3684861E5D7BA1003CEFC5 /* StyleableTextField.swift */,
			);
			path = Styles;
			sourceTree = "<group>";
		};
		2E1497AB1FC7077800C635D1 /* Dispatch */ = {
			isa = PBXGroup;
			children = (
				2E9085671F6278F70051BEA3 /* Dispatch.swift */,
			);
			path = Dispatch;
			sourceTree = "<group>";
		};
		2E1497AD1FC707E100C635D1 /* Assets */ = {
			isa = PBXGroup;
			children = (
				EA823B9B1DC79AD80011F74D /* ImageAssets.swift */,
			);
			path = Assets;
			sourceTree = "<group>";
		};
		2E1497AE1FC707F100C635D1 /* Notifications */ = {
			isa = PBXGroup;
			children = (
				EA823B961DC79A4C0011F74D /* Notificable.swift */,
			);
			path = Notifications;
			sourceTree = "<group>";
		};
		2E1497AF1FC7083400C635D1 /* CollectionViews */ = {
			isa = PBXGroup;
			children = (
				EA823BA31DC79BF40011F74D /* ReusableView.swift */,
				EA823BA51DC79C0B0011F74D /* NibLoadableView.swift */,
				2E1497B01FC708CB00C635D1 /* Configurable.swift */,
				EA823BA91DC79C690011F74D /* UITableView.swift */,
				EA823BA11DC79BDD0011F74D /* UITableViewCell.swift */,
				EA823BAB1DC79C8A0011F74D /* UICollectionView.swift */,
				EA823BA71DC79C480011F74D /* UICollectionReusableView.swift */,
				2ECC2F911EEFFEE100658D87 /* GenericTableViewController.swift */,
				2ECC2F921EEFFEE100658D87 /* GenericTableViewController.xib */,
				EA823BAD1DC79CB00011F74D /* SelectableList.swift */,
			);
			path = CollectionViews;
			sourceTree = "<group>";
		};
		2E1497B21FC71C1100C635D1 /* Segue */ = {
			isa = PBXGroup;
			children = (
				EA823B941DC79A220011F74D /* SegueHandlerType.swift */,
			);
			path = Segue;
			sourceTree = "<group>";
		};
		2E1497B31FC71C3300C635D1 /* Color */ = {
			isa = PBXGroup;
			children = (
				EAF958D11E37761B00EC2FCB /* UIColor.swift */,
				EA823B9F1DC79B750011F74D /* Color.swift */,
			);
			path = Color;
			sourceTree = "<group>";
		};
		2E1497B41FC71C5D00C635D1 /* ViewController */ = {
			isa = PBXGroup;
			children = (
				EA823B911DC799B50011F74D /* UIViewController.swift */,
				EA823B981DC79A880011F74D /* UINavigationController.swift */,
				2EB4BE352060F5EB00516A12 /* Instantiable.swift */,
				2E3ADFB021A412EF00B3DA57 /* LoadResourcesViewController.swift */,
			);
			path = ViewController;
			sourceTree = "<group>";
		};
		2E1497B51FC71CEE00C635D1 /* Documents */ = {
			isa = PBXGroup;
			children = (
				EA823BB11DC79E6E0011F74D /* Sandbox.swift */,
			);
			path = Documents;
			sourceTree = "<group>";
		};
		2E1497B61FC71D9300C635D1 /* Animations */ = {
			isa = PBXGroup;
			children = (
				EAD94B251E4DD3F700A2B90D /* SlideAnimationManager.swift */,
				2E9981D11EC4A45E00DBCBE4 /* ExpandAnimationManager.swift */,
			);
			path = Animations;
			sourceTree = "<group>";
		};
		2E1497B71FC71E9300C635D1 /* Slider */ = {
			isa = PBXGroup;
			children = (
				EAB642AD1E51CF070065AE06 /* SliderViewController.swift */,
				EAB642AE1E51CF070065AE06 /* SliderViewController.xib */,
			);
			path = Slider;
			sourceTree = "<group>";
		};
		2E1497B81FC71F4800C635D1 /* Views */ = {
			isa = PBXGroup;
			children = (
				EA5766B61E390AF000CE6CC4 /* FillableView.swift */,
				EA63D1EE1DCCADDC000394E2 /* RoundedImageView.swift */,
				2EB67BC9206018A800A278D4 /* DesignableView.swift */,
				2EB67BC7206018A800A278D4 /* ShadowRoundedImageView.swift */,
				2EB67BC8206018A800A278D4 /* ShadowRoundedView.swift */,
				2ED835D52090DBFE004C9F21 /* GradientShadowRoundedView.swift */,
			);
			path = Views;
			sourceTree = "<group>";
		};
		2E1497B91FC71FBB00C635D1 /* TextView */ = {
			isa = PBXGroup;
			children = (
				EA219E771E3210D1005DCB48 /* UITextView.swift */,
			);
			path = TextView;
			sourceTree = "<group>";
		};
		2E35A6CB213D7F3400AE24B8 /* Identifier */ = {
			isa = PBXGroup;
			children = (
				2E35A6CC213D7F4800AE24B8 /* Identifiable.swift */,
			);
			path = Identifier;
			sourceTree = "<group>";
		};
		2E487CE22133FB9A00B676CB /* Image */ = {
			isa = PBXGroup;
			children = (
				2E487CE32133FBC600B676CB /* UIImage+Resize.swift */,
			);
			path = Image;
			sourceTree = "<group>";
		};
		2E6910DC2073602800EDDB78 /* Dictionary */ = {
			isa = PBXGroup;
			children = (
				2E6910DD207362CA00EDDB78 /* Dictionary.swift */,
			);
			path = Dictionary;
			sourceTree = "<group>";
		};
		2E6910DF2073645700EDDB78 /* Dictionary */ = {
			isa = PBXGroup;
			children = (
				2E6910E02073646C00EDDB78 /* DictionaryTests.swift */,
			);
			path = Dictionary;
			sourceTree = "<group>";
		};
		2EB4BE3B2060FB8F00516A12 /* InstantiableTests */ = {
			isa = PBXGroup;
			children = (
				2EB4BE392060FAA100516A12 /* InstantiableTests.swift */,
				2EB4BE3C2060FBA300516A12 /* Instantiable.storyboard */,
			);
			path = InstantiableTests;
			sourceTree = "<group>";
		};
		2EB9D84D212EA6F300222BE2 /* ActivityIndicator */ = {
			isa = PBXGroup;
			children = (
				2EB9D84E212EA71C00222BE2 /* ActivityIndicator+Loading.swift */,
			);
			path = ActivityIndicator;
			sourceTree = "<group>";
		};
		2ED3CDF52093035700E0CE87 /* Layer */ = {
			isa = PBXGroup;
			children = (
				2ED3CDF6209303CF00E0CE87 /* CALayer+Shadow.swift */,
			);
			path = Layer;
			sourceTree = "<group>";
		};
		2ED3CDF8209308B700E0CE87 /* Layer */ = {
			isa = PBXGroup;
			children = (
				2ED3CDF9209308D200E0CE87 /* CALayer+ShadowTests.swift */,
			);
			path = Layer;
			sourceTree = "<group>";
		};
		2EF93A1E2085E22100225844 /* Operations */ = {
			isa = PBXGroup;
			children = (
				2EF93A1F2085E28000225844 /* AsyncOperation.swift */,
			);
			path = Operations;
			sourceTree = "<group>";
		};
		2EF93A212085E95B00225844 /* Network */ = {
			isa = PBXGroup;
			children = (
				2E8A918B21466F6A005B7916 /* AsyncImageFetcher.swift */,
				2EF93A222085E96500225844 /* FileDownloadManager.swift */,
			);
			path = Network;
			sourceTree = "<group>";
		};
		2EF93A242085F92200225844 /* Closure */ = {
			isa = PBXGroup;
			children = (
				2EF93A252085F93200225844 /* DelegatedCall.swift */,
			);
			path = Closure;
			sourceTree = "<group>";
		};
		2EF93A27208607F000225844 /* Closure */ = {
			isa = PBXGroup;
			children = (
				2EF93A282086080A00225844 /* DelegatedCallTests.swift */,
			);
			path = Closure;
			sourceTree = "<group>";
		};
		2EF93A2A208608D300225844 /* Result */ = {
			isa = PBXGroup;
			children = (
				2EF93A2B208608F900225844 /* Result.swift */,
			);
			path = Result;
			sourceTree = "<group>";
		};
		2EF93A2D20861AE100225844 /* Result */ = {
			isa = PBXGroup;
			children = (
				2EF93A2E20861AF700225844 /* ResultTests.swift */,
			);
			path = Result;
			sourceTree = "<group>";
		};
		2EF93A392087613000225844 /* Network */ = {
			isa = PBXGroup;
			children = (
			);
			path = Network;
			sourceTree = "<group>";
		};
		EA5E8BE11E55B1F50083341A /* TestApp */ = {
			isa = PBXGroup;
			children = (
				EA5E8BE41E55B1F50083341A /* ViewController.swift */,
				EA5E8BE61E55B1F60083341A /* Main.storyboard */,
				EA5E8C051E55B6A50083341A /* Resources */,
			);
			path = TestApp;
			sourceTree = "<group>";
		};
		EA5E8C051E55B6A50083341A /* Resources */ = {
			isa = PBXGroup;
			children = (
				EA5E8BE21E55B1F50083341A /* AppDelegate.swift */,
				EA5E8BE91E55B1F60083341A /* Assets.xcassets */,
				EA5E8BEB1E55B1F60083341A /* LaunchScreen.storyboard */,
				EA5E8BEE1E55B1F60083341A /* Info.plist */,
			);
			name = Resources;
			sourceTree = "<group>";
		};
		EA823B6C1DC798A80011F74D = {
			isa = PBXGroup;
			children = (
				EA823B781DC798A80011F74D /* ATLibrary */,
				EA823B831DC798A90011F74D /* ATLibraryTests */,
				EA5E8BE11E55B1F50083341A /* TestApp */,
				EA823B771DC798A80011F74D /* Products */,
			);
			sourceTree = "<group>";
		};
		EA823B771DC798A80011F74D /* Products */ = {
			isa = PBXGroup;
			children = (
				EA823B761DC798A80011F74D /* ATLibrary.framework */,
				EA5E8BE01E55B1F50083341A /* TestApp.app */,
				2E6910E62073658D00EDDB78 /* ATLibraryTests.xctest */,
			);
			name = Products;
			sourceTree = "<group>";
		};
		EA823B781DC798A80011F74D /* ATLibrary */ = {
			isa = PBXGroup;
			children = (
				2EB9D84D212EA6F300222BE2 /* ActivityIndicator */,
				2E1497B61FC71D9300C635D1 /* Animations */,
				2E1497AD1FC707E100C635D1 /* Assets */,
				2E1497AF1FC7083400C635D1 /* CollectionViews */,
				2E1497B31FC71C3300C635D1 /* Color */,
				2EF93A242085F92200225844 /* Closure */,
				2E6910DC2073602800EDDB78 /* Dictionary */,
				2E1497AB1FC7077800C635D1 /* Dispatch */,
				2E1497B51FC71CEE00C635D1 /* Documents */,
				2E35A6CB213D7F3400AE24B8 /* Identifier */,
				2E487CE22133FB9A00B676CB /* Image */,
				2ED3CDF52093035700E0CE87 /* Layer */,
				2E1497A31FC7000100C635D1 /* Logger */,
				2E1497AE1FC707F100C635D1 /* Notifications */,
				2EF93A212085E95B00225844 /* Network */,
				2EF93A1E2085E22100225844 /* Operations */,
				2EF93A2A208608D300225844 /* Result */,
				2E1497AA1FC706FD00C635D1 /* Styles */,
				2E1497B71FC71E9300C635D1 /* Slider */,
				2E1497B21FC71C1100C635D1 /* Segue */,
				2E1497B91FC71FBB00C635D1 /* TextView */,
				2E1497B41FC71C5D00C635D1 /* ViewController */,
				2E1497B81FC71F4800C635D1 /* Views */,
				EA823B791DC798A80011F74D /* ATLibrary.h */,
				EA823B7A1DC798A80011F74D /* Info.plist */,
				2EF93A342086241800225844 /* README.md */,
			);
			path = ATLibrary;
			sourceTree = "<group>";
		};
		EA823B831DC798A90011F74D /* ATLibraryTests */ = {
			isa = PBXGroup;
			children = (
				2ED3CDF8209308B700E0CE87 /* Layer */,
				2EF93A392087613000225844 /* Network */,
				2EF93A2D20861AE100225844 /* Result */,
				2EF93A27208607F000225844 /* Closure */,
				2E6910DF2073645700EDDB78 /* Dictionary */,
				2EB4BE3B2060FB8F00516A12 /* InstantiableTests */,
				EA823B841DC798A90011F74D /* UtilsTests.swift */,
				EAC22C961DC9EF66003083BA /* SelectableListTests.swift */,
				EA823B861DC798A90011F74D /* Info.plist */,
			);
			path = ATLibraryTests;
			sourceTree = "<group>";
		};
/* End PBXGroup section */

/* Begin PBXHeadersBuildPhase section */
		EA823B731DC798A80011F74D /* Headers */ = {
			isa = PBXHeadersBuildPhase;
			buildActionMask = 2147483647;
			files = (
				EA823B871DC798A90011F74D /* ATLibrary.h in Headers */,
			);
			runOnlyForDeploymentPostprocessing = 0;
		};
/* End PBXHeadersBuildPhase section */

/* Begin PBXNativeTarget section */
		2E6910E52073658D00EDDB78 /* ATLibraryTests */ = {
			isa = PBXNativeTarget;
			buildConfigurationList = 2E6910EE2073658D00EDDB78 /* Build configuration list for PBXNativeTarget "ATLibraryTests" */;
			buildPhases = (
				2E6910E22073658D00EDDB78 /* Sources */,
				2E6910E32073658D00EDDB78 /* Frameworks */,
				2E6910E42073658D00EDDB78 /* Resources */,
			);
			buildRules = (
			);
			dependencies = (
				2E6910ED2073658D00EDDB78 /* PBXTargetDependency */,
			);
			name = ATLibraryTests;
			productName = UtilsTests;
			productReference = 2E6910E62073658D00EDDB78 /* ATLibraryTests.xctest */;
			productType = "com.apple.product-type.bundle.unit-test";
		};
		EA5E8BDF1E55B1F50083341A /* TestApp */ = {
			isa = PBXNativeTarget;
			buildConfigurationList = EA5E8BFA1E55B1F60083341A /* Build configuration list for PBXNativeTarget "TestApp" */;
			buildPhases = (
				EA5E8BDC1E55B1F50083341A /* Sources */,
				EA5E8BDD1E55B1F50083341A /* Frameworks */,
				EA5E8BDE1E55B1F50083341A /* Resources */,
				EA5E8C041E55B53A0083341A /* Embed Frameworks */,
			);
			buildRules = (
			);
			dependencies = (
				EA5E8C031E55B5390083341A /* PBXTargetDependency */,
			);
			name = TestApp;
			productName = TestApp;
			productReference = EA5E8BE01E55B1F50083341A /* TestApp.app */;
			productType = "com.apple.product-type.application";
		};
		EA823B751DC798A80011F74D /* ATLibrary */ = {
			isa = PBXNativeTarget;
			buildConfigurationList = EA823B8A1DC798A90011F74D /* Build configuration list for PBXNativeTarget "ATLibrary" */;
			buildPhases = (
				EA823B711DC798A80011F74D /* Sources */,
				EA823B721DC798A80011F74D /* Frameworks */,
				EA823B731DC798A80011F74D /* Headers */,
				EA823B741DC798A80011F74D /* Resources */,
			);
			buildRules = (
			);
			dependencies = (
			);
			name = ATLibrary;
			productName = Utils;
			productReference = EA823B761DC798A80011F74D /* ATLibrary.framework */;
			productType = "com.apple.product-type.framework";
		};
/* End PBXNativeTarget section */

/* Begin PBXProject section */
		EA823B6D1DC798A80011F74D /* Project object */ = {
			isa = PBXProject;
			attributes = {
				LastSwiftUpdateCheck = 0930;
				LastUpgradeCheck = 0930;
				ORGANIZATIONNAME = AraTech;
				TargetAttributes = {
					2E6910E52073658D00EDDB78 = {
						CreatedOnToolsVersion = 9.3;
						DevelopmentTeam = LW82Q5GQV8;
						LastSwiftMigration = 1000;
						ProvisioningStyle = Automatic;
					};
					EA5E8BDF1E55B1F50083341A = {
						CreatedOnToolsVersion = 8.2.1;
						DevelopmentTeam = LW82Q5GQV8;
						LastSwiftMigration = "";
						ProvisioningStyle = Automatic;
					};
					EA823B751DC798A80011F74D = {
						CreatedOnToolsVersion = 8.1;
						LastSwiftMigration = "";
						ProvisioningStyle = Automatic;
					};
				};
			};
			buildConfigurationList = EA823B701DC798A80011F74D /* Build configuration list for PBXProject "ATLibrary" */;
			compatibilityVersion = "Xcode 3.2";
			developmentRegion = English;
			hasScannedForEncodings = 0;
			knownRegions = (
				en,
				Base,
			);
			mainGroup = EA823B6C1DC798A80011F74D;
			productRefGroup = EA823B771DC798A80011F74D /* Products */;
			projectDirPath = "";
			projectRoot = "";
			targets = (
				EA823B751DC798A80011F74D /* ATLibrary */,
				2E6910E52073658D00EDDB78 /* ATLibraryTests */,
				EA5E8BDF1E55B1F50083341A /* TestApp */,
			);
		};
/* End PBXProject section */

/* Begin PBXResourcesBuildPhase section */
		2E6910E42073658D00EDDB78 /* Resources */ = {
			isa = PBXResourcesBuildPhase;
			buildActionMask = 2147483647;
			files = (
				2EF93A31208620D700225844 /* Instantiable.storyboard in Resources */,
			);
			runOnlyForDeploymentPostprocessing = 0;
		};
		EA5E8BDE1E55B1F50083341A /* Resources */ = {
			isa = PBXResourcesBuildPhase;
			buildActionMask = 2147483647;
			files = (
				EA5E8BED1E55B1F60083341A /* LaunchScreen.storyboard in Resources */,
				EA5E8BEA1E55B1F60083341A /* Assets.xcassets in Resources */,
				EA5E8BE81E55B1F60083341A /* Main.storyboard in Resources */,
			);
			runOnlyForDeploymentPostprocessing = 0;
		};
		EA823B741DC798A80011F74D /* Resources */ = {
			isa = PBXResourcesBuildPhase;
			buildActionMask = 2147483647;
			files = (
				EAB642B01E51CF070065AE06 /* SliderViewController.xib in Resources */,
				2EF93A352086241800225844 /* README.md in Resources */,
			);
			runOnlyForDeploymentPostprocessing = 0;
		};
/* End PBXResourcesBuildPhase section */

/* Begin PBXSourcesBuildPhase section */
		2E6910E22073658D00EDDB78 /* Sources */ = {
			isa = PBXSourcesBuildPhase;
			buildActionMask = 2147483647;
			files = (
				2EF93A2F20861AF700225844 /* ResultTests.swift in Sources */,
				2ED3CDFA209308D200E0CE87 /* CALayer+ShadowTests.swift in Sources */,
				2E6910F12073667400EDDB78 /* DictionaryTests.swift in Sources */,
				2E6910F32073667A00EDDB78 /* InstantiableTests.swift in Sources */,
				2EF93A292086080A00225844 /* DelegatedCallTests.swift in Sources */,
				2E6910F42073668000EDDB78 /* SelectableListTests.swift in Sources */,
			);
			runOnlyForDeploymentPostprocessing = 0;
		};
		EA5E8BDC1E55B1F50083341A /* Sources */ = {
			isa = PBXSourcesBuildPhase;
			buildActionMask = 2147483647;
			files = (
				EA5E8BE51E55B1F50083341A /* ViewController.swift in Sources */,
				EA5E8BE31E55B1F50083341A /* AppDelegate.swift in Sources */,
			);
			runOnlyForDeploymentPostprocessing = 0;
		};
		EA823B711DC798A80011F74D /* Sources */ = {
			isa = PBXSourcesBuildPhase;
			buildActionMask = 2147483647;
			files = (
				2EBB78CF1EF3ABC900E65F78 /* GenericTableViewController.swift in Sources */,
				2E6910DE207362CA00EDDB78 /* Dictionary.swift in Sources */,
				2EBB78D01EF3ABC900E65F78 /* GenericTableViewController.xib in Sources */,
				2EF93A202085E28700225844 /* AsyncOperation.swift in Sources */,
				EA823BA41DC79BF40011F74D /* ReusableView.swift in Sources */,
				2E1497A81FC7004E00C635D1 /* Logger.swift in Sources */,
				EACE4E021E5D78AB00DD5D62 /* StyleableButton.swift in Sources */,
				2E1497B11FC708CB00C635D1 /* Configurable.swift in Sources */,
				EA823B9C1DC79AD80011F74D /* ImageAssets.swift in Sources */,
				2EA8249A216DF0120020DAC2 /* OSLog+ATLibrary.swift in Sources */,
				2EF93A2C208608F900225844 /* Result.swift in Sources */,
				EAD94B261E4DD3F700A2B90D /* SlideAnimationManager.swift in Sources */,
				2EB67BCB206018A900A278D4 /* ShadowRoundedView.swift in Sources */,
				EA823BA21DC79BDD0011F74D /* UITableViewCell.swift in Sources */,
				EA5766B71E390AF000CE6CC4 /* FillableView.swift in Sources */,
				EA823BB01DC79D1C0011F74D /* Style.swift in Sources */,
				EAB642AF1E51CF070065AE06 /* SliderViewController.swift in Sources */,
				EA823BA01DC79B750011F74D /* Color.swift in Sources */,
				EA7950FD1E5C760E000C1F38 /* ButtonStyle.swift in Sources */,
				2ED3CDF7209303CF00E0CE87 /* CALayer+Shadow.swift in Sources */,
				EA823BAE1DC79CB00011F74D /* SelectableList.swift in Sources */,
				2EB67BCA206018A900A278D4 /* ShadowRoundedImageView.swift in Sources */,
				EA823BB21DC79E6E0011F74D /* Sandbox.swift in Sources */,
				EAF958D21E37761B00EC2FCB /* UIColor.swift in Sources */,
				2E8A918D21466F6A005B7916 /* AsyncImageFetcher.swift in Sources */,
				2E1497A71FC7004E00C635D1 /* AppMode.swift in Sources */,
				2E9981D21EC4A45E00DBCBE4 /* ExpandAnimationManager.swift in Sources */,
				EA823BAA1DC79C690011F74D /* UITableView.swift in Sources */,
				EA63D1EF1DCCADDC000394E2 /* RoundedImageView.swift in Sources */,
				2E35A6CD213D7F4800AE24B8 /* Identifiable.swift in Sources */,
				2EB9D84F212EA71C00222BE2 /* ActivityIndicator+Loading.swift in Sources */,
				EA823BAC1DC79C8A0011F74D /* UICollectionView.swift in Sources */,
				2EB4BE362060F5EB00516A12 /* Instantiable.swift in Sources */,
				EA823B951DC79A220011F74D /* SegueHandlerType.swift in Sources */,
				2EB67BCC206018A900A278D4 /* DesignableView.swift in Sources */,
				EA823BA81DC79C480011F74D /* UICollectionReusableView.swift in Sources */,
				EA219E781E3210D1005DCB48 /* UITextView.swift in Sources */,
				EA3684871E5D7BA1003CEFC5 /* StyleableTextField.swift in Sources */,
				2E3ADFB121A412EF00B3DA57 /* LoadResourcesViewController.swift in Sources */,
				2E9085681F6278F70051BEA3 /* Dispatch.swift in Sources */,
				EA823BA61DC79C0B0011F74D /* NibLoadableView.swift in Sources */,
				2E1497A91FC7004E00C635D1 /* Severity.swift in Sources */,
				EA823B991DC79A880011F74D /* UINavigationController.swift in Sources */,
				2EF93A262085F93200225844 /* DelegatedCall.swift in Sources */,
				2E487CE42133FBC600B676CB /* UIImage+Resize.swift in Sources */,
				EA7950FA1E5C6A90000C1F38 /* StyleApplicable.swift in Sources */,
				EA823B921DC799B50011F74D /* UIViewController.swift in Sources */,
				2ED835D62090DBFE004C9F21 /* GradientShadowRoundedView.swift in Sources */,
				EA823B971DC79A4C0011F74D /* Notificable.swift in Sources */,
				EA7951011E5C76A1000C1F38 /* TextFieldStyle.swift in Sources */,
				2EF93A232085E96C00225844 /* FileDownloadManager.swift in Sources */,
			);
			runOnlyForDeploymentPostprocessing = 0;
		};
/* End PBXSourcesBuildPhase section */

/* Begin PBXTargetDependency section */
		2E6910ED2073658D00EDDB78 /* PBXTargetDependency */ = {
			isa = PBXTargetDependency;
			target = EA823B751DC798A80011F74D /* ATLibrary */;
			targetProxy = 2E6910EC2073658D00EDDB78 /* PBXContainerItemProxy */;
		};
		EA5E8C031E55B5390083341A /* PBXTargetDependency */ = {
			isa = PBXTargetDependency;
			target = EA823B751DC798A80011F74D /* ATLibrary */;
			targetProxy = EA5E8C021E55B5390083341A /* PBXContainerItemProxy */;
		};
/* End PBXTargetDependency section */

/* Begin PBXVariantGroup section */
		EA5E8BE61E55B1F60083341A /* Main.storyboard */ = {
			isa = PBXVariantGroup;
			children = (
				EA5E8BE71E55B1F60083341A /* Base */,
			);
			name = Main.storyboard;
			sourceTree = "<group>";
		};
		EA5E8BEB1E55B1F60083341A /* LaunchScreen.storyboard */ = {
			isa = PBXVariantGroup;
			children = (
				EA5E8BEC1E55B1F60083341A /* Base */,
			);
			name = LaunchScreen.storyboard;
			sourceTree = "<group>";
		};
/* End PBXVariantGroup section */

/* Begin XCBuildConfiguration section */
		2E6910EF2073658D00EDDB78 /* Debug */ = {
			isa = XCBuildConfiguration;
			buildSettings = {
				CLANG_ANALYZER_NUMBER_OBJECT_CONVERSION = YES_AGGRESSIVE;
				CLANG_CXX_LANGUAGE_STANDARD = "gnu++14";
				CLANG_ENABLE_OBJC_WEAK = YES;
				CLANG_WARN_DEPRECATED_OBJC_IMPLEMENTATIONS = YES;
				CLANG_WARN_OBJC_IMPLICIT_RETAIN_SELF = YES;
				CLANG_WARN_UNGUARDED_AVAILABILITY = YES_AGGRESSIVE;
				CODE_SIGN_IDENTITY = "iPhone Developer";
				CODE_SIGN_STYLE = Automatic;
				DEVELOPMENT_TEAM = LW82Q5GQV8;
				GCC_C_LANGUAGE_STANDARD = gnu11;
				INFOPLIST_FILE = ATLibraryTests/Info.plist;
				IPHONEOS_DEPLOYMENT_TARGET = 11.3;
				LD_RUNPATH_SEARCH_PATHS = "$(inherited) @executable_path/Frameworks @loader_path/Frameworks";
				PRODUCT_BUNDLE_IDENTIFIER = com.aratech.UtilsTests;
				PRODUCT_NAME = "$(TARGET_NAME)";
				SWIFT_VERSION = 4.2;
				TARGETED_DEVICE_FAMILY = "1,2";
			};
			name = Debug;
		};
		2E6910F02073658D00EDDB78 /* Release */ = {
			isa = XCBuildConfiguration;
			buildSettings = {
				CLANG_ANALYZER_NUMBER_OBJECT_CONVERSION = YES_AGGRESSIVE;
				CLANG_CXX_LANGUAGE_STANDARD = "gnu++14";
				CLANG_ENABLE_OBJC_WEAK = YES;
				CLANG_WARN_DEPRECATED_OBJC_IMPLEMENTATIONS = YES;
				CLANG_WARN_OBJC_IMPLICIT_RETAIN_SELF = YES;
				CLANG_WARN_UNGUARDED_AVAILABILITY = YES_AGGRESSIVE;
				CODE_SIGN_IDENTITY = "iPhone Developer";
				CODE_SIGN_STYLE = Automatic;
				DEVELOPMENT_TEAM = LW82Q5GQV8;
				GCC_C_LANGUAGE_STANDARD = gnu11;
				INFOPLIST_FILE = ATLibraryTests/Info.plist;
				IPHONEOS_DEPLOYMENT_TARGET = 11.3;
				LD_RUNPATH_SEARCH_PATHS = "$(inherited) @executable_path/Frameworks @loader_path/Frameworks";
				PRODUCT_BUNDLE_IDENTIFIER = com.aratech.UtilsTests;
				PRODUCT_NAME = "$(TARGET_NAME)";
				SWIFT_VERSION = 4.2;
				TARGETED_DEVICE_FAMILY = "1,2";
			};
			name = Release;
		};
		EA5E8BFB1E55B1F60083341A /* Debug */ = {
			isa = XCBuildConfiguration;
			buildSettings = {
				ALWAYS_EMBED_SWIFT_STANDARD_LIBRARIES = YES;
				ASSETCATALOG_COMPILER_APPICON_NAME = AppIcon;
				DEVELOPMENT_TEAM = LW82Q5GQV8;
				INFOPLIST_FILE = TestApp/Info.plist;
				IPHONEOS_DEPLOYMENT_TARGET = 10.2;
				LD_RUNPATH_SEARCH_PATHS = "$(inherited) @executable_path/Frameworks";
				PRODUCT_BUNDLE_IDENTIFIER = com.machukas.Utils.TestApp;
				PRODUCT_NAME = "$(TARGET_NAME)";
				SWIFT_SWIFT3_OBJC_INFERENCE = Default;
				SWIFT_VERSION = 4.2;
			};
			name = Debug;
		};
		EA5E8BFC1E55B1F60083341A /* Release */ = {
			isa = XCBuildConfiguration;
			buildSettings = {
				ALWAYS_EMBED_SWIFT_STANDARD_LIBRARIES = YES;
				ASSETCATALOG_COMPILER_APPICON_NAME = AppIcon;
				DEVELOPMENT_TEAM = LW82Q5GQV8;
				INFOPLIST_FILE = TestApp/Info.plist;
				IPHONEOS_DEPLOYMENT_TARGET = 10.2;
				LD_RUNPATH_SEARCH_PATHS = "$(inherited) @executable_path/Frameworks";
				PRODUCT_BUNDLE_IDENTIFIER = com.machukas.Utils.TestApp;
				PRODUCT_NAME = "$(TARGET_NAME)";
				SWIFT_SWIFT3_OBJC_INFERENCE = Default;
				SWIFT_VERSION = 4.2;
			};
			name = Release;
		};
		EA823B881DC798A90011F74D /* Debug */ = {
			isa = XCBuildConfiguration;
			buildSettings = {
				ALWAYS_SEARCH_USER_PATHS = NO;
				CLANG_ANALYZER_NONNULL = YES;
				CLANG_CXX_LANGUAGE_STANDARD = "gnu++0x";
				CLANG_CXX_LIBRARY = "libc++";
				CLANG_ENABLE_MODULES = YES;
				CLANG_ENABLE_OBJC_ARC = YES;
				CLANG_WARN_BLOCK_CAPTURE_AUTORELEASING = YES;
				CLANG_WARN_BOOL_CONVERSION = YES;
				CLANG_WARN_COMMA = YES;
				CLANG_WARN_CONSTANT_CONVERSION = YES;
				CLANG_WARN_DEPRECATED_OBJC_IMPLEMENTATIONS = YES;
				CLANG_WARN_DIRECT_OBJC_ISA_USAGE = YES_ERROR;
				CLANG_WARN_DOCUMENTATION_COMMENTS = YES;
				CLANG_WARN_EMPTY_BODY = YES;
				CLANG_WARN_ENUM_CONVERSION = YES;
				CLANG_WARN_INFINITE_RECURSION = YES;
				CLANG_WARN_INT_CONVERSION = YES;
				CLANG_WARN_NON_LITERAL_NULL_CONVERSION = YES;
				CLANG_WARN_OBJC_IMPLICIT_RETAIN_SELF = YES;
				CLANG_WARN_OBJC_LITERAL_CONVERSION = YES;
				CLANG_WARN_OBJC_ROOT_CLASS = YES_ERROR;
				CLANG_WARN_RANGE_LOOP_ANALYSIS = YES;
				CLANG_WARN_STRICT_PROTOTYPES = YES;
				CLANG_WARN_SUSPICIOUS_MOVE = YES;
				CLANG_WARN_SUSPICIOUS_MOVES = YES;
				CLANG_WARN_UNREACHABLE_CODE = YES;
				CLANG_WARN__DUPLICATE_METHOD_MATCH = YES;
				"CODE_SIGN_IDENTITY[sdk=iphoneos*]" = "iPhone Developer";
				COPY_PHASE_STRIP = NO;
				CURRENT_PROJECT_VERSION = 1;
				DEBUG_INFORMATION_FORMAT = dwarf;
				ENABLE_STRICT_OBJC_MSGSEND = YES;
				ENABLE_TESTABILITY = YES;
				GCC_C_LANGUAGE_STANDARD = gnu99;
				GCC_DYNAMIC_NO_PIC = NO;
				GCC_NO_COMMON_BLOCKS = YES;
				GCC_OPTIMIZATION_LEVEL = 0;
				GCC_PREPROCESSOR_DEFINITIONS = (
					"DEBUG=1",
					"$(inherited)",
				);
				GCC_WARN_64_TO_32_BIT_CONVERSION = YES;
				GCC_WARN_ABOUT_RETURN_TYPE = YES_ERROR;
				GCC_WARN_UNDECLARED_SELECTOR = YES;
				GCC_WARN_UNINITIALIZED_AUTOS = YES_AGGRESSIVE;
				GCC_WARN_UNUSED_FUNCTION = YES;
				GCC_WARN_UNUSED_VARIABLE = YES;
				IPHONEOS_DEPLOYMENT_TARGET = 9.0;
				MTL_ENABLE_DEBUG_INFO = YES;
				ONLY_ACTIVE_ARCH = YES;
				SDKROOT = iphoneos;
				SWIFT_ACTIVE_COMPILATION_CONDITIONS = DEBUG;
				SWIFT_OPTIMIZATION_LEVEL = "-Onone";
				SWIFT_SWIFT3_OBJC_INFERENCE = Off;
				TARGETED_DEVICE_FAMILY = "1,2";
				VERSIONING_SYSTEM = "apple-generic";
				VERSION_INFO_PREFIX = "";
			};
			name = Debug;
		};
		EA823B891DC798A90011F74D /* Release */ = {
			isa = XCBuildConfiguration;
			buildSettings = {
				ALWAYS_SEARCH_USER_PATHS = NO;
				CLANG_ANALYZER_NONNULL = YES;
				CLANG_CXX_LANGUAGE_STANDARD = "gnu++0x";
				CLANG_CXX_LIBRARY = "libc++";
				CLANG_ENABLE_MODULES = YES;
				CLANG_ENABLE_OBJC_ARC = YES;
				CLANG_WARN_BLOCK_CAPTURE_AUTORELEASING = YES;
				CLANG_WARN_BOOL_CONVERSION = YES;
				CLANG_WARN_COMMA = YES;
				CLANG_WARN_CONSTANT_CONVERSION = YES;
				CLANG_WARN_DEPRECATED_OBJC_IMPLEMENTATIONS = YES;
				CLANG_WARN_DIRECT_OBJC_ISA_USAGE = YES_ERROR;
				CLANG_WARN_DOCUMENTATION_COMMENTS = YES;
				CLANG_WARN_EMPTY_BODY = YES;
				CLANG_WARN_ENUM_CONVERSION = YES;
				CLANG_WARN_INFINITE_RECURSION = YES;
				CLANG_WARN_INT_CONVERSION = YES;
				CLANG_WARN_NON_LITERAL_NULL_CONVERSION = YES;
				CLANG_WARN_OBJC_IMPLICIT_RETAIN_SELF = YES;
				CLANG_WARN_OBJC_LITERAL_CONVERSION = YES;
				CLANG_WARN_OBJC_ROOT_CLASS = YES_ERROR;
				CLANG_WARN_RANGE_LOOP_ANALYSIS = YES;
				CLANG_WARN_STRICT_PROTOTYPES = YES;
				CLANG_WARN_SUSPICIOUS_MOVE = YES;
				CLANG_WARN_SUSPICIOUS_MOVES = YES;
				CLANG_WARN_UNREACHABLE_CODE = YES;
				CLANG_WARN__DUPLICATE_METHOD_MATCH = YES;
				"CODE_SIGN_IDENTITY[sdk=iphoneos*]" = "iPhone Developer";
				COPY_PHASE_STRIP = NO;
				CURRENT_PROJECT_VERSION = 1;
				DEBUG_INFORMATION_FORMAT = "dwarf-with-dsym";
				ENABLE_NS_ASSERTIONS = NO;
				ENABLE_STRICT_OBJC_MSGSEND = YES;
				GCC_C_LANGUAGE_STANDARD = gnu99;
				GCC_NO_COMMON_BLOCKS = YES;
				GCC_WARN_64_TO_32_BIT_CONVERSION = YES;
				GCC_WARN_ABOUT_RETURN_TYPE = YES_ERROR;
				GCC_WARN_UNDECLARED_SELECTOR = YES;
				GCC_WARN_UNINITIALIZED_AUTOS = YES_AGGRESSIVE;
				GCC_WARN_UNUSED_FUNCTION = YES;
				GCC_WARN_UNUSED_VARIABLE = YES;
				IPHONEOS_DEPLOYMENT_TARGET = 9.0;
				MTL_ENABLE_DEBUG_INFO = NO;
				SDKROOT = iphoneos;
				SWIFT_OPTIMIZATION_LEVEL = "-Owholemodule";
				SWIFT_SWIFT3_OBJC_INFERENCE = Off;
				TARGETED_DEVICE_FAMILY = "1,2";
				VALIDATE_PRODUCT = YES;
				VERSIONING_SYSTEM = "apple-generic";
				VERSION_INFO_PREFIX = "";
			};
			name = Release;
		};
		EA823B8B1DC798A90011F74D /* Debug */ = {
			isa = XCBuildConfiguration;
			buildSettings = {
				CLANG_ENABLE_MODULES = YES;
				CODE_SIGN_IDENTITY = "";
				DEFINES_MODULE = YES;
				DYLIB_COMPATIBILITY_VERSION = 1;
				DYLIB_CURRENT_VERSION = 1;
				DYLIB_INSTALL_NAME_BASE = "@rpath";
				INFOPLIST_FILE = "$(SRCROOT)/ATLibrary/Info.plist";
				INSTALL_PATH = "$(LOCAL_LIBRARY_DIR)/Frameworks";
				IPHONEOS_DEPLOYMENT_TARGET = 10.0;
				LD_RUNPATH_SEARCH_PATHS = "$(inherited) @executable_path/Frameworks @loader_path/Frameworks";
				PRODUCT_BUNDLE_IDENTIFIER = com.aratech.ATLibrary;
				PRODUCT_NAME = "$(TARGET_NAME)";
				SKIP_INSTALL = YES;
				SWIFT_OPTIMIZATION_LEVEL = "-Onone";
				SWIFT_SWIFT3_OBJC_INFERENCE = Off;
				SWIFT_VERSION = 4.2;
			};
			name = Debug;
		};
		EA823B8C1DC798A90011F74D /* Release */ = {
			isa = XCBuildConfiguration;
			buildSettings = {
				CLANG_ENABLE_MODULES = YES;
				CODE_SIGN_IDENTITY = "";
				DEFINES_MODULE = YES;
				DYLIB_COMPATIBILITY_VERSION = 1;
				DYLIB_CURRENT_VERSION = 1;
				DYLIB_INSTALL_NAME_BASE = "@rpath";
				INFOPLIST_FILE = "$(SRCROOT)/ATLibrary/Info.plist";
				INSTALL_PATH = "$(LOCAL_LIBRARY_DIR)/Frameworks";
				IPHONEOS_DEPLOYMENT_TARGET = 10.0;
				LD_RUNPATH_SEARCH_PATHS = "$(inherited) @executable_path/Frameworks @loader_path/Frameworks";
				PRODUCT_BUNDLE_IDENTIFIER = com.aratech.ATLibrary;
				PRODUCT_NAME = "$(TARGET_NAME)";
				SKIP_INSTALL = YES;
				SWIFT_SWIFT3_OBJC_INFERENCE = Off;
				SWIFT_VERSION = 4.2;
			};
			name = Release;
		};
/* End XCBuildConfiguration section */

/* Begin XCConfigurationList section */
		2E6910EE2073658D00EDDB78 /* Build configuration list for PBXNativeTarget "ATLibraryTests" */ = {
			isa = XCConfigurationList;
			buildConfigurations = (
				2E6910EF2073658D00EDDB78 /* Debug */,
				2E6910F02073658D00EDDB78 /* Release */,
			);
			defaultConfigurationIsVisible = 0;
			defaultConfigurationName = Release;
		};
		EA5E8BFA1E55B1F60083341A /* Build configuration list for PBXNativeTarget "TestApp" */ = {
			isa = XCConfigurationList;
			buildConfigurations = (
				EA5E8BFB1E55B1F60083341A /* Debug */,
				EA5E8BFC1E55B1F60083341A /* Release */,
			);
			defaultConfigurationIsVisible = 0;
			defaultConfigurationName = Release;
		};
		EA823B701DC798A80011F74D /* Build configuration list for PBXProject "ATLibrary" */ = {
			isa = XCConfigurationList;
			buildConfigurations = (
				EA823B881DC798A90011F74D /* Debug */,
				EA823B891DC798A90011F74D /* Release */,
			);
			defaultConfigurationIsVisible = 0;
			defaultConfigurationName = Release;
		};
		EA823B8A1DC798A90011F74D /* Build configuration list for PBXNativeTarget "ATLibrary" */ = {
			isa = XCConfigurationList;
			buildConfigurations = (
				EA823B8B1DC798A90011F74D /* Debug */,
				EA823B8C1DC798A90011F74D /* Release */,
			);
			defaultConfigurationIsVisible = 0;
			defaultConfigurationName = Release;
		};
/* End XCConfigurationList section */
	};
	rootObject = EA823B6D1DC798A80011F74D /* Project object */;
}
